
Microsoft Visual Studio Solution File, Format Version 12.00
# Visual Studio Version 16
VisualStudioVersion = 16.0.31515.178
MinimumVisualStudioVersion = 10.0.40219.1
Project("{9A19103F-16F7-4668-BE54-9A1E7A4F7556}") = "DrizlyFinal", "DrizlyFinal\DrizlyFinal.csproj", "{941EF66F-44C2-4ED0-85EB-042C9759B5BD}"
EndProject
Project("{9A19103F-16F7-4668-BE54-9A1E7A4F7556}") = "DrizlyFinal.Core", "DrizlyFinal.Core\DrizlyFinal.Core.csproj", "{81F19478-C5BB-4110-A1C9-209D3ADBEEB1}"
EndProject
Project("{FAE04EC0-301F-11D3-BF4B-00C04F79EFBC}") = "DrizlyFinal.Data", "DrizlyFinal.Data\DrizlyFinal.Data.csproj", "{CF754147-6B32-4B91-B737-0AE936B28655}"
EndProject
Global
	GlobalSection(SolutionConfigurationPlatforms) = preSolution
		Debug|Any CPU = Debug|Any CPU
		Release|Any CPU = Release|Any CPU
	EndGlobalSection
	GlobalSection(ProjectConfigurationPlatforms) = postSolution
		{941EF66F-44C2-4ED0-85EB-042C9759B5BD}.Debug|Any CPU.ActiveCfg = Debug|Any CPU
		{941EF66F-44C2-4ED0-85EB-042C9759B5BD}.Debug|Any CPU.Build.0 = Debug|Any CPU
		{941EF66F-44C2-4ED0-85EB-042C9759B5BD}.Release|Any CPU.ActiveCfg = Release|Any CPU
		{941EF66F-44C2-4ED0-85EB-042C9759B5BD}.Release|Any CPU.Build.0 = Release|Any CPU
		{81F19478-C5BB-4110-A1C9-209D3ADBEEB1}.Debug|Any CPU.ActiveCfg = Debug|Any CPU
		{81F19478-C5BB-4110-A1C9-209D3ADBEEB1}.Debug|Any CPU.Build.0 = Debug|Any CPU
		{81F19478-C5BB-4110-A1C9-209D3ADBEEB1}.Release|Any CPU.ActiveCfg = Release|Any CPU
		{81F19478-C5BB-4110-A1C9-209D3ADBEEB1}.Release|Any CPU.Build.0 = Release|Any CPU
		{CF754147-6B32-4B91-B737-0AE936B28655}.Debug|Any CPU.ActiveCfg = Debug|Any CPU
		{CF754147-6B32-4B91-B737-0AE936B28655}.Debug|Any CPU.Build.0 = Debug|Any CPU
		{CF754147-6B32-4B91-B737-0AE936B28655}.Release|Any CPU.ActiveCfg = Release|Any CPU
		{CF754147-6B32-4B91-B737-0AE936B28655}.Release|Any CPU.Build.0 = Release|Any CPU
	EndGlobalSection
	GlobalSection(SolutionProperties) = preSolution
		HideSolutionNode = FALSE
	EndGlobalSection
	GlobalSection(ExtensibilityGlobals) = postSolution
		SolutionGuid = {F4B169E3-7CE6-411E-8A61-A6CA0F241B7F}
	EndGlobalSection
EndGlobal
